// !$*UTF8*$!
{
	archiveVersion = 1;
	classes = {
	};
	objectVersion = 55;
	objects = {

/* Begin PBXBuildFile section */
		38A989EE2838E83400A80258 /* LandmarksApp.swift in Sources */ = {isa = PBXBuildFile; fileRef = 38A989ED2838E83400A80258 /* LandmarksApp.swift */; };
		38A989F02838E83400A80258 /* ContentView.swift in Sources */ = {isa = PBXBuildFile; fileRef = 38A989EF2838E83400A80258 /* ContentView.swift */; };
		38A989F22838E83400A80258 /* Assets.xcassets in Resources */ = {isa = PBXBuildFile; fileRef = 38A989F12838E83400A80258 /* Assets.xcassets */; };
		38A989F52838E83400A80258 /* Preview Assets.xcassets in Resources */ = {isa = PBXBuildFile; fileRef = 38A989F42838E83400A80258 /* Preview Assets.xcassets */; };
		38A989FC2838EBE700A80258 /* CircleImage.swift in Sources */ = {isa = PBXBuildFile; fileRef = 38A989FB2838EBE700A80258 /* CircleImage.swift */; };
		38A989FE283904AD00A80258 /* MapView.swift in Sources */ = {isa = PBXBuildFile; fileRef = 38A989FD283904AD00A80258 /* MapView.swift */; };
		38A98A00283908CF00A80258 /* landmarkData.json in Resources */ = {isa = PBXBuildFile; fileRef = 38A989FF283908CF00A80258 /* landmarkData.json */; };
		38A98A02283908E300A80258 /* Landmark.swift in Sources */ = {isa = PBXBuildFile; fileRef = 38A98A01283908E300A80258 /* Landmark.swift */; };
		38A98A04283911F300A80258 /* ModelData.swift in Sources */ = {isa = PBXBuildFile; fileRef = 38A98A03283911F300A80258 /* ModelData.swift */; };
		38A98A0A283913F800A80258 /* LandmarkRow.swift in Sources */ = {isa = PBXBuildFile; fileRef = 38A98A09283913F800A80258 /* LandmarkRow.swift */; };
		38A98A0C283914C300A80258 /* LandmarkList.swift in Sources */ = {isa = PBXBuildFile; fileRef = 38A98A0B283914C300A80258 /* LandmarkList.swift */; };
		38A98A0E2839158D00A80258 /* LandmarkDetail.swift in Sources */ = {isa = PBXBuildFile; fileRef = 38A98A0D2839158D00A80258 /* LandmarkDetail.swift */; };
		38C854B42839309B00F61808 /* FavoriteButton.swift in Sources */ = {isa = PBXBuildFile; fileRef = 38C854B32839309B00F61808 /* FavoriteButton.swift */; };
/* End PBXBuildFile section */

/* Begin PBXFileReference section */
		38A989EA2838E83400A80258 /* Landmarks.app */ = {isa = PBXFileReference; explicitFileType = wrapper.application; includeInIndex = 0; path = Landmarks.app; sourceTree = BUILT_PRODUCTS_DIR; };
		38A989ED2838E83400A80258 /* LandmarksApp.swift */ = {isa = PBXFileReference; lastKnownFileType = sourcecode.swift; path = LandmarksApp.swift; sourceTree = "<group>"; };
		38A989EF2838E83400A80258 /* ContentView.swift */ = {isa = PBXFileReference; lastKnownFileType = sourcecode.swift; path = ContentView.swift; sourceTree = "<group>"; };
		38A989F12838E83400A80258 /* Assets.xcassets */ = {isa = PBXFileReference; lastKnownFileType = folder.assetcatalog; path = Assets.xcassets; sourceTree = "<group>"; };
		38A989F42838E83400A80258 /* Preview Assets.xcassets */ = {isa = PBXFileReference; lastKnownFileType = folder.assetcatalog; path = "Preview Assets.xcassets"; sourceTree = "<group>"; };
		38A989FB2838EBE700A80258 /* CircleImage.swift */ = {isa = PBXFileReference; lastKnownFileType = sourcecode.swift; path = CircleImage.swift; sourceTree = "<group>"; };
		38A989FD283904AD00A80258 /* MapView.swift */ = {isa = PBXFileReference; lastKnownFileType = sourcecode.swift; path = MapView.swift; sourceTree = "<group>"; };
		38A989FF283908CF00A80258 /* landmarkData.json */ = {isa = PBXFileReference; fileEncoding = 4; lastKnownFileType = text.json; path = landmarkData.json; sourceTree = "<group>"; };
		38A98A01283908E300A80258 /* Landmark.swift */ = {isa = PBXFileReference; lastKnownFileType = sourcecode.swift; path = Landmark.swift; sourceTree = "<group>"; };
		38A98A03283911F300A80258 /* ModelData.swift */ = {isa = PBXFileReference; lastKnownFileType = sourcecode.swift; path = ModelData.swift; sourceTree = "<group>"; };
		38A98A09283913F800A80258 /* LandmarkRow.swift */ = {isa = PBXFileReference; lastKnownFileType = sourcecode.swift; path = LandmarkRow.swift; sourceTree = "<group>"; };
		38A98A0B283914C300A80258 /* LandmarkList.swift */ = {isa = PBXFileReference; lastKnownFileType = sourcecode.swift; path = LandmarkList.swift; sourceTree = "<group>"; };
		38A98A0D2839158D00A80258 /* LandmarkDetail.swift */ = {isa = PBXFileReference; lastKnownFileType = sourcecode.swift; path = LandmarkDetail.swift; sourceTree = "<group>"; };
		38C854B32839309B00F61808 /* FavoriteButton.swift */ = {isa = PBXFileReference; lastKnownFileType = sourcecode.swift; path = FavoriteButton.swift; sourceTree = "<group>"; };
/* End PBXFileReference section */

/* Begin PBXFrameworksBuildPhase section */
		38A989E72838E83400A80258 /* Frameworks */ = {
			isa = PBXFrameworksBuildPhase;
			buildActionMask = 2147483647;
			files = (
			);
			runOnlyForDeploymentPostprocessing = 0;
		};
/* End PBXFrameworksBuildPhase section */

/* Begin PBXGroup section */
		38A989E12838E83400A80258 = {
			isa = PBXGroup;
			children = (
				38A989EC2838E83400A80258 /* Landmarks */,
				38A989EB2838E83400A80258 /* Products */,
			);
			sourceTree = "<group>";
		};
		38A989EB2838E83400A80258 /* Products */ = {
			isa = PBXGroup;
			children = (
				38A989EA2838E83400A80258 /* Landmarks.app */,
			);
			name = Products;
			sourceTree = "<group>";
		};
		38A989EC2838E83400A80258 /* Landmarks */ = {
			isa = PBXGroup;
			children = (
				38A989ED2838E83400A80258 /* LandmarksApp.swift */,
				38A98A08283913B000A80258 /* Resources */,
				38A98A062839138300A80258 /* Model */,
				38A98A052839136B00A80258 /* Views */,
				38A989F12838E83400A80258 /* Assets.xcassets */,
				38A989F32838E83400A80258 /* Preview Content */,
			);
			path = Landmarks;
			sourceTree = "<group>";
		};
		38A989F32838E83400A80258 /* Preview Content */ = {
			isa = PBXGroup;
			children = (
				38A989F42838E83400A80258 /* Preview Assets.xcassets */,
			);
			path = "Preview Content";
			sourceTree = "<group>";
		};
		38A98A052839136B00A80258 /* Views */ = {
			isa = PBXGroup;
			children = (
				38A989EF2838E83400A80258 /* ContentView.swift */,
				38C854B72839344000F61808 /* Helpers */,
				38C854B52839341F00F61808 /* Landmarks */,
			);
			path = Views;
			sourceTree = "<group>";
		};
		38A98A062839138300A80258 /* Model */ = {
			isa = PBXGroup;
			children = (
				38A98A01283908E300A80258 /* Landmark.swift */,
				38A98A03283911F300A80258 /* ModelData.swift */,
			);
			path = Model;
			sourceTree = "<group>";
		};
		38A98A08283913B000A80258 /* Resources */ = {
			isa = PBXGroup;
			children = (
				38A989FF283908CF00A80258 /* landmarkData.json */,
			);
			path = Resources;
			sourceTree = "<group>";
		};
		38C854B52839341F00F61808 /* Landmarks */ = {
			isa = PBXGroup;
			children = (
				38A98A09283913F800A80258 /* LandmarkRow.swift */,
				38A98A0B283914C300A80258 /* LandmarkList.swift */,
				38A98A0D2839158D00A80258 /* LandmarkDetail.swift */,
			);
			path = Landmarks;
			sourceTree = "<group>";
		};
		38C854B72839344000F61808 /* Helpers */ = {
			isa = PBXGroup;
			children = (
				38A989FB2838EBE700A80258 /* CircleImage.swift */,
				38C854B32839309B00F61808 /* FavoriteButton.swift */,
				38A989FD283904AD00A80258 /* MapView.swift */,
			);
			path = Helpers;
			sourceTree = "<group>";
		};
/* End PBXGroup section */

/* Begin PBXNativeTarget section */
		38A989E92838E83400A80258 /* Landmarks */ = {
			isa = PBXNativeTarget;
			buildConfigurationList = 38A989F82838E83400A80258 /* Build configuration list for PBXNativeTarget "Landmarks" */;
			buildPhases = (
				38A989E62838E83400A80258 /* Sources */,
				38A989E72838E83400A80258 /* Frameworks */,
				38A989E82838E83400A80258 /* Resources */,
			);
			buildRules = (
			);
			dependencies = (
			);
			name = Landmarks;
			productName = Landmarks;
			productReference = 38A989EA2838E83400A80258 /* Landmarks.app */;
			productType = "com.apple.product-type.application";
		};
/* End PBXNativeTarget section */

/* Begin PBXProject section */
		38A989E22838E83400A80258 /* Project object */ = {
			isa = PBXProject;
			attributes = {
				BuildIndependentTargetsInParallel = 1;
				LastSwiftUpdateCheck = 1330;
				LastUpgradeCheck = 1330;
				TargetAttributes = {
					38A989E92838E83400A80258 = {
						CreatedOnToolsVersion = 13.3.1;
					};
				};
			};
			buildConfigurationList = 38A989E52838E83400A80258 /* Build configuration list for PBXProject "Landmarks" */;
			compatibilityVersion = "Xcode 13.0";
			developmentRegion = en;
			hasScannedForEncodings = 0;
			knownRegions = (
				en,
				Base,
			);
			mainGroup = 38A989E12838E83400A80258;
			productRefGroup = 38A989EB2838E83400A80258 /* Products */;
			projectDirPath = "";
			projectRoot = "";
			targets = (
				38A989E92838E83400A80258 /* Landmarks */,
			);
		};
/* End PBXProject section */

/* Begin PBXResourcesBuildPhase section */
		38A989E82838E83400A80258 /* Resources */ = {
			isa = PBXResourcesBuildPhase;
			buildActionMask = 2147483647;
			files = (
				38A989F52838E83400A80258 /* Preview Assets.xcassets in Resources */,
				38A989F22838E83400A80258 /* Assets.xcassets in Resources */,
				38A98A00283908CF00A80258 /* landmarkData.json in Resources */,
			);
			runOnlyForDeploymentPostprocessing = 0;
		};
/* End PBXResourcesBuildPhase section */

/* Begin PBXSourcesBuildPhase section */
		38A989E62838E83400A80258 /* Sources */ = {
			isa = PBXSourcesBuildPhase;
			buildActionMask = 2147483647;
			files = (
				38A989F02838E83400A80258 /* ContentView.swift in Sources */,
				38A989FE283904AD00A80258 /* MapView.swift in Sources */,
				38A989EE2838E83400A80258 /* LandmarksApp.swift in Sources */,
				38C854B42839309B00F61808 /* FavoriteButton.swift in Sources */,
				38A98A0C283914C300A80258 /* LandmarkList.swift in Sources */,
				38A98A0E2839158D00A80258 /* LandmarkDetail.swift in Sources */,
				38A989FC2838EBE700A80258 /* CircleImage.swift in Sources */,
				38A98A02283908E300A80258 /* Landmark.swift in Sources */,
				38A98A0A283913F800A80258 /* LandmarkRow.swift in Sources */,
				38A98A04283911F300A80258 /* ModelData.swift in Sources */,
			);
			runOnlyForDeploymentPostprocessing = 0;
		};
/* End PBXSourcesBuildPhase section */

/* Begin XCBuildConfiguration section */
		38A989F62838E83400A80258 /* Debug */ = {
			isa = XCBuildConfiguration;
			buildSettings = {
				ALWAYS_SEARCH_USER_PATHS = NO;
				CLANG_ANALYZER_NONNULL = YES;
				CLANG_ANALYZER_NUMBER_OBJECT_CONVERSION = YES_AGGRESSIVE;
				CLANG_CXX_LANGUAGE_STANDARD = "gnu++17";
				CLANG_ENABLE_MODULES = YES;
				CLANG_ENABLE_OBJC_ARC = YES;
				CLANG_ENABLE_OBJC_WEAK = YES;
				CLANG_WARN_BLOCK_CAPTURE_AUTORELEASING = YES;
				CLANG_WARN_BOOL_CONVERSION = YES;
				CLANG_WARN_COMMA = YES;
				CLANG_WARN_CONSTANT_CONVERSION = YES;
				CLANG_WARN_DEPRECATED_OBJC_IMPLEMENTATIONS = YES;
				CLANG_WARN_DIRECT_OBJC_ISA_USAGE = YES_ERROR;
				CLANG_WARN_DOCUMENTATION_COMMENTS = YES;
				CLANG_WARN_EMPTY_BODY = YES;
				CLANG_WARN_ENUM_CONVERSION = YES;
				CLANG_WARN_INFINITE_RECURSION = YES;
				CLANG_WARN_INT_CONVERSION = YES;
				CLANG_WARN_NON_LITERAL_NULL_CONVERSION = YES;
				CLANG_WARN_OBJC_IMPLICIT_RETAIN_SELF = YES;
				CLANG_WARN_OBJC_LITERAL_CONVERSION = YES;
				CLANG_WARN_OBJC_ROOT_CLASS = YES_ERROR;
				CLANG_WARN_QUOTED_INCLUDE_IN_FRAMEWORK_HEADER = YES;
				CLANG_WARN_RANGE_LOOP_ANALYSIS = YES;
				CLANG_WARN_STRICT_PROTOTYPES = YES;
				CLANG_WARN_SUSPICIOUS_MOVE = YES;
				CLANG_WARN_UNGUARDED_AVAILABILITY = YES_AGGRESSIVE;
				CLANG_WARN_UNREACHABLE_CODE = YES;
				CLANG_WARN__DUPLICATE_METHOD_MATCH = YES;
				COPY_PHASE_STRIP = NO;
				DEBUG_INFORMATION_FORMAT = dwarf;
				ENABLE_STRICT_OBJC_MSGSEND = YES;
				ENABLE_TESTABILITY = YES;
				GCC_C_LANGUAGE_STANDARD = gnu11;
				GCC_DYNAMIC_NO_PIC = NO;
				GCC_NO_COMMON_BLOCKS = YES;
				GCC_OPTIMIZATION_LEVEL = 0;
				GCC_PREPROCESSOR_DEFINITIONS = (
					"DEBUG=1",
					"$(inherited)",
				);
				GCC_WARN_64_TO_32_BIT_CONVERSION = YES;
				GCC_WARN_ABOUT_RETURN_TYPE = YES_ERROR;
				GCC_WARN_UNDECLARED_SELECTOR = YES;
				GCC_WARN_UNINITIALIZED_AUTOS = YES_AGGRESSIVE;
				GCC_WARN_UNUSED_FUNCTION = YES;
				GCC_WARN_UNUSED_VARIABLE = YES;
				IPHONEOS_DEPLOYMENT_TARGET = 15.4;
				MTL_ENABLE_DEBUG_INFO = INCLUDE_SOURCE;
				MTL_FAST_MATH = YES;
				ONLY_ACTIVE_ARCH = YES;
				SDKROOT = iphoneos;
				SWIFT_ACTIVE_COMPILATION_CONDITIONS = DEBUG;
				SWIFT_OPTIMIZATION_LEVEL = "-Onone";
			};
			name = Debug;
		};
		38A989F72838E83400A80258 /* Release */ = {
			isa = XCBuildConfiguration;
			buildSettings = {
				ALWAYS_SEARCH_USER_PATHS = NO;
				CLANG_ANALYZER_NONNULL = YES;
				CLANG_ANALYZER_NUMBER_OBJECT_CONVERSION = YES_AGGRESSIVE;
				CLANG_CXX_LANGUAGE_STANDARD = "gnu++17";
				CLANG_ENABLE_MODULES = YES;
				CLANG_ENABLE_OBJC_ARC = YES;
				CLANG_ENABLE_OBJC_WEAK = YES;
				CLANG_WARN_BLOCK_CAPTURE_AUTORELEASING = YES;
				CLANG_WARN_BOOL_CONVERSION = YES;
				CLANG_WARN_COMMA = YES;
				CLANG_WARN_CONSTANT_CONVERSION = YES;
				CLANG_WARN_DEPRECATED_OBJC_IMPLEMENTATIONS = YES;
				CLANG_WARN_DIRECT_OBJC_ISA_USAGE = YES_ERROR;
				CLANG_WARN_DOCUMENTATION_COMMENTS = YES;
				CLANG_WARN_EMPTY_BODY = YES;
				CLANG_WARN_ENUM_CONVERSION = YES;
				CLANG_WARN_INFINITE_RECURSION = YES;
				CLANG_WARN_INT_CONVERSION = YES;
				CLANG_WARN_NON_LITERAL_NULL_CONVERSION = YES;
				CLANG_WARN_OBJC_IMPLICIT_RETAIN_SELF = YES;
				CLANG_WARN_OBJC_LITERAL_CONVERSION = YES;
				CLANG_WARN_OBJC_ROOT_CLASS = YES_ERROR;
				CLANG_WARN_QUOTED_INCLUDE_IN_FRAMEWORK_HEADER = YES;
				CLANG_WARN_RANGE_LOOP_ANALYSIS = YES;
				CLANG_WARN_STRICT_PROTOTYPES = YES;
				CLANG_WARN_SUSPICIOUS_MOVE = YES;
				CLANG_WARN_UNGUARDED_AVAILABILITY = YES_AGGRESSIVE;
				CLANG_WARN_UNREACHABLE_CODE = YES;
				CLANG_WARN__DUPLICATE_METHOD_MATCH = YES;
				COPY_PHASE_STRIP = NO;
				DEBUG_INFORMATION_FORMAT = "dwarf-with-dsym";
				ENABLE_NS_ASSERTIONS = NO;
				ENABLE_STRICT_OBJC_MSGSEND = YES;
				GCC_C_LANGUAGE_STANDARD = gnu11;
				GCC_NO_COMMON_BLOCKS = YES;
				GCC_WARN_64_TO_32_BIT_CONVERSION = YES;
				GCC_WARN_ABOUT_RETURN_TYPE = YES_ERROR;
				GCC_WARN_UNDECLARED_SELECTOR = YES;
				GCC_WARN_UNINITIALIZED_AUTOS = YES_AGGRESSIVE;
				GCC_WARN_UNUSED_FUNCTION = YES;
				GCC_WARN_UNUSED_VARIABLE = YES;
				IPHONEOS_DEPLOYMENT_TARGET = 15.4;
				MTL_ENABLE_DEBUG_INFO = NO;
				MTL_FAST_MATH = YES;
				SDKROOT = iphoneos;
				SWIFT_COMPILATION_MODE = wholemodule;
				SWIFT_OPTIMIZATION_LEVEL = "-O";
				VALIDATE_PRODUCT = YES;
			};
			name = Release;
		};
		38A989F92838E83400A80258 /* Debug */ = {
			isa = XCBuildConfiguration;
			buildSettings = {
				ASSETCATALOG_COMPILER_APPICON_NAME = AppIcon;
				ASSETCATALOG_COMPILER_GLOBAL_ACCENT_COLOR_NAME = AccentColor;
				CODE_SIGN_STYLE = Automatic;
				CURRENT_PROJECT_VERSION = 1;
				DEVELOPMENT_ASSET_PATHS = "\"Landmarks/Preview Content\"";
				DEVELOPMENT_TEAM = V659PYVZY7;
				ENABLE_PREVIEWS = YES;
				GENERATE_INFOPLIST_FILE = YES;
				INFOPLIST_KEY_UIApplicationSceneManifest_Generation = YES;
				INFOPLIST_KEY_UIApplicationSupportsIndirectInputEvents = YES;
				INFOPLIST_KEY_UILaunchScreen_Generation = YES;
				INFOPLIST_KEY_UISupportedInterfaceOrientations_iPad = "UIInterfaceOrientationPortrait UIInterfaceOrientationPortraitUpsideDown UIInterfaceOrientationLandscapeLeft UIInterfaceOrientationLandscapeRight";
				INFOPLIST_KEY_UISupportedInterfaceOrientations_iPhone = "UIInterfaceOrientationPortrait UIInterfaceOrientationLandscapeLeft UIInterfaceOrientationLandscapeRight";
				LD_RUNPATH_SEARCH_PATHS = (
					"$(inherited)",
					"@executable_path/Frameworks",
				);
				MARKETING_VERSION = 1.0;
				PRODUCT_BUNDLE_IDENTIFIER = ru.len0xx.Landmarks;
				PRODUCT_NAME = "$(TARGET_NAME)";
				SWIFT_EMIT_LOC_STRINGS = YES;
				SWIFT_VERSION = 5.0;
				TARGETED_DEVICE_FAMILY = "1,2";
			};
			name = Debug;
		};
		38A989FA2838E83400A80258 /* Release */ = {
			isa = XCBuildConfiguration;
			buildSettings = {
				ASSETCATALOG_COMPILER_APPICON_NAME = AppIcon;
				ASSETCATALOG_COMPILER_GLOBAL_ACCENT_COLOR_NAME = AccentColor;
				CODE_SIGN_STYLE = Automatic;
				CURRENT_PROJECT_VERSION = 1;
				DEVELOPMENT_ASSET_PATHS = "\"Landmarks/Preview Content\"";
				DEVELOPMENT_TEAM = V659PYVZY7;
				ENABLE_PREVIEWS = YES;
				GENERATE_INFOPLIST_FILE = YES;
				INFOPLIST_KEY_UIApplicationSceneManifest_Generation = YES;
				INFOPLIST_KEY_UIApplicationSupportsIndirectInputEvents = YES;
				INFOPLIST_KEY_UILaunchScreen_Generation = YES;
				INFOPLIST_KEY_UISupportedInterfaceOrientations_iPad = "UIInterfaceOrientationPortrait UIInterfaceOrientationPortraitUpsideDown UIInterfaceOrientationLandscapeLeft UIInterfaceOrientationLandscapeRight";
				INFOPLIST_KEY_UISupportedInterfaceOrientations_iPhone = "UIInterfaceOrientationPortrait UIInterfaceOrientationLandscapeLeft UIInterfaceOrientationLandscapeRight";
				LD_RUNPATH_SEARCH_PATHS = (
					"$(inherited)",
					"@executable_path/Frameworks",
				);
				MARKETING_VERSION = 1.0;
				PRODUCT_BUNDLE_IDENTIFIER = ru.len0xx.Landmarks;
				PRODUCT_NAME = "$(TARGET_NAME)";
				SWIFT_EMIT_LOC_STRINGS = YES;
				SWIFT_VERSION = 5.0;
				TARGETED_DEVICE_FAMILY = "1,2";
			};
			name = Release;
		};
/* End XCBuildConfiguration section */

/* Begin XCConfigurationList section */
		38A989E52838E83400A80258 /* Build configuration list for PBXProject "Landmarks" */ = {
			isa = XCConfigurationList;
			buildConfigurations = (
				38A989F62838E83400A80258 /* Debug */,
				38A989F72838E83400A80258 /* Release */,
			);
			defaultConfigurationIsVisible = 0;
			defaultConfigurationName = Release;
		};
		38A989F82838E83400A80258 /* Build configuration list for PBXNativeTarget "Landmarks" */ = {
			isa = XCConfigurationList;
			buildConfigurations = (
				38A989F92838E83400A80258 /* Debug */,
				38A989FA2838E83400A80258 /* Release */,
			);
			defaultConfigurationIsVisible = 0;
			defaultConfigurationName = Release;
		};
/* End XCConfigurationList section */
	};
	rootObject = 38A989E22838E83400A80258 /* Project object */;
}
